
Microsoft Visual Studio Solution File, Format Version 12.00
# Visual Studio 15
VisualStudioVersion = 15.0.27703.2042
MinimumVisualStudioVersion = 10.0.40219.1
Project("{FAE04EC0-301F-11D3-BF4B-00C04F79EFBC}") = "XmlValidate", "XmlValidate\XmlValidate.csproj", "{9A6E986A-4899-4608-9F7A-3AB0DFA76463}"
EndProject
Project("{FAE04EC0-301F-11D3-BF4B-00C04F79EFBC}") = "UploadApi", "UploadApi\UploadApi.csproj", "{6A272C75-F0D5-46D2-841A-EEB50A058165}"
EndProject
Project("{FAE04EC0-301F-11D3-BF4B-00C04F79EFBC}") = "UploadAndValidateWeb", "UploadAndValidateWeb\UploadAndValidateWeb.csproj", "{EE5CABF3-3B52-4D9C-8AB1-2B5FA232FAAE}"
EndProject
Global
	GlobalSection(SolutionConfigurationPlatforms) = preSolution
		Debug|Any CPU = Debug|Any CPU
		Release|Any CPU = Release|Any CPU
	EndGlobalSection
	GlobalSection(ProjectConfigurationPlatforms) = postSolution
		{9A6E986A-4899-4608-9F7A-3AB0DFA76463}.Debug|Any CPU.ActiveCfg = Debug|Any CPU
		{9A6E986A-4899-4608-9F7A-3AB0DFA76463}.Debug|Any CPU.Build.0 = Debug|Any CPU
		{9A6E986A-4899-4608-9F7A-3AB0DFA76463}.Release|Any CPU.ActiveCfg = Release|Any CPU
		{9A6E986A-4899-4608-9F7A-3AB0DFA76463}.Release|Any CPU.Build.0 = Release|Any CPU
		{6A272C75-F0D5-46D2-841A-EEB50A058165}.Debug|Any CPU.ActiveCfg = Debug|Any CPU
		{6A272C75-F0D5-46D2-841A-EEB50A058165}.Debug|Any CPU.Build.0 = Debug|Any CPU
		{6A272C75-F0D5-46D2-841A-EEB50A058165}.Release|Any CPU.ActiveCfg = Release|Any CPU
		{6A272C75-F0D5-46D2-841A-EEB50A058165}.Release|Any CPU.Build.0 = Release|Any CPU
		{EE5CABF3-3B52-4D9C-8AB1-2B5FA232FAAE}.Debug|Any CPU.ActiveCfg = Debug|Any CPU
		{EE5CABF3-3B52-4D9C-8AB1-2B5FA232FAAE}.Debug|Any CPU.Build.0 = Debug|Any CPU
		{EE5CABF3-3B52-4D9C-8AB1-2B5FA232FAAE}.Release|Any CPU.ActiveCfg = Release|Any CPU
		{EE5CABF3-3B52-4D9C-8AB1-2B5FA232FAAE}.Release|Any CPU.Build.0 = Release|Any CPU
	EndGlobalSection
	GlobalSection(SolutionProperties) = preSolution
		HideSolutionNode = FALSE
	EndGlobalSection
	GlobalSection(ExtensibilityGlobals) = postSolution
		SolutionGuid = {5C7AF14B-A177-4548-AE0D-67FF7ACF9DC9}
	EndGlobalSection
EndGlobal
